
Microsoft Visual Studio Solution File, Format Version 12.00
# Visual Studio Version 17
VisualStudioVersion = 17.7.34031.279
MinimumVisualStudioVersion = 10.0.40219.1
Project("{2150E333-8FDC-42A3-9474-1A3956D46DE8}") = "resume.core", "resume.core", "{18F977A1-0244-48C5-9F7B-78622D759374}"
EndProject
Project("{FAE04EC0-301F-11D3-BF4B-00C04F79EFBC}") = "resume.main", "resume.main\resume.main.csproj", "{2CD28850-27BC-4F35-B2A6-2F9C59BC0EB0}"
EndProject
Global
	GlobalSection(SolutionConfigurationPlatforms) = preSolution
		Debug|Any CPU = Debug|Any CPU
		Release|Any CPU = Release|Any CPU
	EndGlobalSection
	GlobalSection(ProjectConfigurationPlatforms) = postSolution
		{2CD28850-27BC-4F35-B2A6-2F9C59BC0EB0}.Debug|Any CPU.ActiveCfg = Debug|Any CPU
		{2CD28850-27BC-4F35-B2A6-2F9C59BC0EB0}.Debug|Any CPU.Build.0 = Debug|Any CPU
		{2CD28850-27BC-4F35-B2A6-2F9C59BC0EB0}.Release|Any CPU.ActiveCfg = Release|Any CPU
		{2CD28850-27BC-4F35-B2A6-2F9C59BC0EB0}.Release|Any CPU.Build.0 = Release|Any CPU
	EndGlobalSection
	GlobalSection(SolutionProperties) = preSolution
		HideSolutionNode = FALSE
	EndGlobalSection
	GlobalSection(NestedProjects) = preSolution
		{2CD28850-27BC-4F35-B2A6-2F9C59BC0EB0} = {18F977A1-0244-48C5-9F7B-78622D759374}
	EndGlobalSection
	GlobalSection(ExtensibilityGlobals) = postSolution
		SolutionGuid = {25B0CF38-F825-419D-A14F-B8B2D564D372}
	EndGlobalSection
EndGlobal
